// !$*UTF8*$!
{
	archiveVersion = 1;
	classes = {
	};
	objectVersion = 56;
	objects = {

/* Begin PBXBuildFile section */
		ABB4B7CE2B51AE0700523A4E /* AppDelegate.swift in Sources */ = {isa = PBXBuildFile; fileRef = ABB4B7CD2B51AE0700523A4E /* AppDelegate.swift */; };
		ABB4B7D02B51AE0700523A4E /* SceneDelegate.swift in Sources */ = {isa = PBXBuildFile; fileRef = ABB4B7CF2B51AE0700523A4E /* SceneDelegate.swift */; };
		ABB4B7D22B51AE0700523A4E /* ViewController.swift in Sources */ = {isa = PBXBuildFile; fileRef = ABB4B7D12B51AE0700523A4E /* ViewController.swift */; };
		ABB4B7D52B51AE0700523A4E /* Main.storyboard in Resources */ = {isa = PBXBuildFile; fileRef = ABB4B7D32B51AE0700523A4E /* Main.storyboard */; };
		ABB4B7D72B51AE0900523A4E /* Assets.xcassets in Resources */ = {isa = PBXBuildFile; fileRef = ABB4B7D62B51AE0900523A4E /* Assets.xcassets */; };
		ABB4B7DA2B51AE0900523A4E /* LaunchScreen.storyboard in Resources */ = {isa = PBXBuildFile; fileRef = ABB4B7D82B51AE0900523A4E /* LaunchScreen.storyboard */; };
		ABB4B7E22B51D6C800523A4E /* PhotosGalleryHelper.swift in Sources */ = {isa = PBXBuildFile; fileRef = ABB4B7E12B51D6C800523A4E /* PhotosGalleryHelper.swift */; };
		ABB4B7E62B51EAFB00523A4E /* UIImage+Extensions.swift in Sources */ = {isa = PBXBuildFile; fileRef = ABB4B7E52B51EAFB00523A4E /* UIImage+Extensions.swift */; };
/* End PBXBuildFile section */

/* Begin PBXFileReference section */
		ABB4B7CA2B51AE0700523A4E /* ImageAnalyzer.app */ = {isa = PBXFileReference; explicitFileType = wrapper.application; includeInIndex = 0; path = ImageAnalyzer.app; sourceTree = BUILT_PRODUCTS_DIR; };
		ABB4B7CD2B51AE0700523A4E /* AppDelegate.swift */ = {isa = PBXFileReference; lastKnownFileType = sourcecode.swift; path = AppDelegate.swift; sourceTree = "<group>"; };
		ABB4B7CF2B51AE0700523A4E /* SceneDelegate.swift */ = {isa = PBXFileReference; lastKnownFileType = sourcecode.swift; path = SceneDelegate.swift; sourceTree = "<group>"; };
		ABB4B7D12B51AE0700523A4E /* ViewController.swift */ = {isa = PBXFileReference; lastKnownFileType = sourcecode.swift; path = ViewController.swift; sourceTree = "<group>"; };
		ABB4B7D42B51AE0700523A4E /* Base */ = {isa = PBXFileReference; lastKnownFileType = file.storyboard; name = Base; path = Base.lproj/Main.storyboard; sourceTree = "<group>"; };
		ABB4B7D62B51AE0900523A4E /* Assets.xcassets */ = {isa = PBXFileReference; lastKnownFileType = folder.assetcatalog; path = Assets.xcassets; sourceTree = "<group>"; };
		ABB4B7D92B51AE0900523A4E /* Base */ = {isa = PBXFileReference; lastKnownFileType = file.storyboard; name = Base; path = Base.lproj/LaunchScreen.storyboard; sourceTree = "<group>"; };
		ABB4B7DB2B51AE0900523A4E /* Info.plist */ = {isa = PBXFileReference; lastKnownFileType = text.plist.xml; path = Info.plist; sourceTree = "<group>"; };
		ABB4B7E12B51D6C800523A4E /* PhotosGalleryHelper.swift */ = {isa = PBXFileReference; lastKnownFileType = sourcecode.swift; path = PhotosGalleryHelper.swift; sourceTree = "<group>"; };
		ABB4B7E52B51EAFB00523A4E /* UIImage+Extensions.swift */ = {isa = PBXFileReference; lastKnownFileType = sourcecode.swift; path = "UIImage+Extensions.swift"; sourceTree = "<group>"; };
/* End PBXFileReference section */

/* Begin PBXFrameworksBuildPhase section */
		ABB4B7C72B51AE0700523A4E /* Frameworks */ = {
			isa = PBXFrameworksBuildPhase;
			buildActionMask = 2147483647;
			files = (
			);
			runOnlyForDeploymentPostprocessing = 0;
		};
/* End PBXFrameworksBuildPhase section */

/* Begin PBXGroup section */
		ABB4B7C12B51AE0700523A4E = {
			isa = PBXGroup;
			children = (
				ABB4B7CC2B51AE0700523A4E /* ImageAnalyzer */,
				ABB4B7CB2B51AE0700523A4E /* Products */,
			);
			sourceTree = "<group>";
		};
		ABB4B7CB2B51AE0700523A4E /* Products */ = {
			isa = PBXGroup;
			children = (
				ABB4B7CA2B51AE0700523A4E /* ImageAnalyzer.app */,
			);
			name = Products;
			sourceTree = "<group>";
		};
		ABB4B7CC2B51AE0700523A4E /* ImageAnalyzer */ = {
			isa = PBXGroup;
			children = (
				ABB4B7E42B51EAE300523A4E /* extensions */,
				ABB4B7E32B51EAD900523A4E /* utils */,
				ABB4B7CD2B51AE0700523A4E /* AppDelegate.swift */,
				ABB4B7CF2B51AE0700523A4E /* SceneDelegate.swift */,
				ABB4B7D12B51AE0700523A4E /* ViewController.swift */,
				ABB4B7D32B51AE0700523A4E /* Main.storyboard */,
				ABB4B7D62B51AE0900523A4E /* Assets.xcassets */,
				ABB4B7D82B51AE0900523A4E /* LaunchScreen.storyboard */,
				ABB4B7DB2B51AE0900523A4E /* Info.plist */,
			);
			path = ImageAnalyzer;
			sourceTree = "<group>";
		};
		ABB4B7E32B51EAD900523A4E /* utils */ = {
			isa = PBXGroup;
			children = (
				ABB4B7E12B51D6C800523A4E /* PhotosGalleryHelper.swift */,
			);
			path = utils;
			sourceTree = "<group>";
		};
		ABB4B7E42B51EAE300523A4E /* extensions */ = {
			isa = PBXGroup;
			children = (
				ABB4B7E52B51EAFB00523A4E /* UIImage+Extensions.swift */,
			);
			path = extensions;
			sourceTree = "<group>";
		};
/* End PBXGroup section */

/* Begin PBXNativeTarget section */
		ABB4B7C92B51AE0700523A4E /* ImageAnalyzer */ = {
			isa = PBXNativeTarget;
			buildConfigurationList = ABB4B7DE2B51AE0900523A4E /* Build configuration list for PBXNativeTarget "ImageAnalyzer" */;
			buildPhases = (
				ABB4B7C62B51AE0700523A4E /* Sources */,
				ABB4B7C72B51AE0700523A4E /* Frameworks */,
				ABB4B7C82B51AE0700523A4E /* Resources */,
			);
			buildRules = (
			);
			dependencies = (
			);
			name = ImageAnalyzer;
			productName = ImageAnalyzer;
			productReference = ABB4B7CA2B51AE0700523A4E /* ImageAnalyzer.app */;
			productType = "com.apple.product-type.application";
		};
/* End PBXNativeTarget section */

/* Begin PBXProject section */
		ABB4B7C22B51AE0700523A4E /* Project object */ = {
			isa = PBXProject;
			attributes = {
				BuildIndependentTargetsInParallel = 1;
				LastSwiftUpdateCheck = 1500;
				LastUpgradeCheck = 1500;
				TargetAttributes = {
					ABB4B7C92B51AE0700523A4E = {
						CreatedOnToolsVersion = 15.0.1;
					};
				};
			};
			buildConfigurationList = ABB4B7C52B51AE0700523A4E /* Build configuration list for PBXProject "ImageAnalyzer" */;
			compatibilityVersion = "Xcode 14.0";
			developmentRegion = en;
			hasScannedForEncodings = 0;
			knownRegions = (
				en,
				Base,
			);
			mainGroup = ABB4B7C12B51AE0700523A4E;
			productRefGroup = ABB4B7CB2B51AE0700523A4E /* Products */;
			projectDirPath = "";
			projectRoot = "";
			targets = (
				ABB4B7C92B51AE0700523A4E /* ImageAnalyzer */,
			);
		};
/* End PBXProject section */

/* Begin PBXResourcesBuildPhase section */
		ABB4B7C82B51AE0700523A4E /* Resources */ = {
			isa = PBXResourcesBuildPhase;
			buildActionMask = 2147483647;
			files = (
				ABB4B7DA2B51AE0900523A4E /* LaunchScreen.storyboard in Resources */,
				ABB4B7D72B51AE0900523A4E /* Assets.xcassets in Resources */,
				ABB4B7D52B51AE0700523A4E /* Main.storyboard in Resources */,
			);
			runOnlyForDeploymentPostprocessing = 0;
		};
/* End PBXResourcesBuildPhase section */

/* Begin PBXSourcesBuildPhase section */
		ABB4B7C62B51AE0700523A4E /* Sources */ = {
			isa = PBXSourcesBuildPhase;
			buildActionMask = 2147483647;
			files = (
				ABB4B7D22B51AE0700523A4E /* ViewController.swift in Sources */,
				ABB4B7E22B51D6C800523A4E /* PhotosGalleryHelper.swift in Sources */,
				ABB4B7E62B51EAFB00523A4E /* UIImage+Extensions.swift in Sources */,
				ABB4B7CE2B51AE0700523A4E /* AppDelegate.swift in Sources */,
				ABB4B7D02B51AE0700523A4E /* SceneDelegate.swift in Sources */,
			);
			runOnlyForDeploymentPostprocessing = 0;
		};
/* End PBXSourcesBuildPhase section */

/* Begin PBXVariantGroup section */
		ABB4B7D32B51AE0700523A4E /* Main.storyboard */ = {
			isa = PBXVariantGroup;
			children = (
				ABB4B7D42B51AE0700523A4E /* Base */,
			);
			name = Main.storyboard;
			sourceTree = "<group>";
		};
		ABB4B7D82B51AE0900523A4E /* LaunchScreen.storyboard */ = {
			isa = PBXVariantGroup;
			children = (
				ABB4B7D92B51AE0900523A4E /* Base */,
			);
			name = LaunchScreen.storyboard;
			sourceTree = "<group>";
		};
/* End PBXVariantGroup section */

/* Begin XCBuildConfiguration section */
		ABB4B7DC2B51AE0900523A4E /* Debug */ = {
			isa = XCBuildConfiguration;
			buildSettings = {
				ALWAYS_SEARCH_USER_PATHS = NO;
				ASSETCATALOG_COMPILER_GENERATE_SWIFT_ASSET_SYMBOL_EXTENSIONS = YES;
				CLANG_ANALYZER_NONNULL = YES;
				CLANG_ANALYZER_NUMBER_OBJECT_CONVERSION = YES_AGGRESSIVE;
				CLANG_CXX_LANGUAGE_STANDARD = "gnu++20";
				CLANG_ENABLE_MODULES = YES;
				CLANG_ENABLE_OBJC_ARC = YES;
				CLANG_ENABLE_OBJC_WEAK = YES;
				CLANG_WARN_BLOCK_CAPTURE_AUTORELEASING = YES;
				CLANG_WARN_BOOL_CONVERSION = YES;
				CLANG_WARN_COMMA = YES;
				CLANG_WARN_CONSTANT_CONVERSION = YES;
				CLANG_WARN_DEPRECATED_OBJC_IMPLEMENTATIONS = YES;
				CLANG_WARN_DIRECT_OBJC_ISA_USAGE = YES_ERROR;
				CLANG_WARN_DOCUMENTATION_COMMENTS = YES;
				CLANG_WARN_EMPTY_BODY = YES;
				CLANG_WARN_ENUM_CONVERSION = YES;
				CLANG_WARN_INFINITE_RECURSION = YES;
				CLANG_WARN_INT_CONVERSION = YES;
				CLANG_WARN_NON_LITERAL_NULL_CONVERSION = YES;
				CLANG_WARN_OBJC_IMPLICIT_RETAIN_SELF = YES;
				CLANG_WARN_OBJC_LITERAL_CONVERSION = YES;
				CLANG_WARN_OBJC_ROOT_CLASS = YES_ERROR;
				CLANG_WARN_QUOTED_INCLUDE_IN_FRAMEWORK_HEADER = YES;
				CLANG_WARN_RANGE_LOOP_ANALYSIS = YES;
				CLANG_WARN_STRICT_PROTOTYPES = YES;
				CLANG_WARN_SUSPICIOUS_MOVE = YES;
				CLANG_WARN_UNGUARDED_AVAILABILITY = YES_AGGRESSIVE;
				CLANG_WARN_UNREACHABLE_CODE = YES;
				CLANG_WARN__DUPLICATE_METHOD_MATCH = YES;
				COPY_PHASE_STRIP = NO;
				DEBUG_INFORMATION_FORMAT = dwarf;
				ENABLE_STRICT_OBJC_MSGSEND = YES;
				ENABLE_TESTABILITY = YES;
				ENABLE_USER_SCRIPT_SANDBOXING = YES;
				GCC_C_LANGUAGE_STANDARD = gnu17;
				GCC_DYNAMIC_NO_PIC = NO;
				GCC_NO_COMMON_BLOCKS = YES;
				GCC_OPTIMIZATION_LEVEL = 0;
				GCC_PREPROCESSOR_DEFINITIONS = (
					"DEBUG=1",
					"$(inherited)",
				);
				GCC_WARN_64_TO_32_BIT_CONVERSION = YES;
				GCC_WARN_ABOUT_RETURN_TYPE = YES_ERROR;
				GCC_WARN_UNDECLARED_SELECTOR = YES;
				GCC_WARN_UNINITIALIZED_AUTOS = YES_AGGRESSIVE;
				GCC_WARN_UNUSED_FUNCTION = YES;
				GCC_WARN_UNUSED_VARIABLE = YES;
				IPHONEOS_DEPLOYMENT_TARGET = 17.0;
				LOCALIZATION_PREFERS_STRING_CATALOGS = YES;
				MTL_ENABLE_DEBUG_INFO = INCLUDE_SOURCE;
				MTL_FAST_MATH = YES;
				ONLY_ACTIVE_ARCH = YES;
				SDKROOT = iphoneos;
				SWIFT_ACTIVE_COMPILATION_CONDITIONS = "DEBUG $(inherited)";
				SWIFT_OPTIMIZATION_LEVEL = "-Onone";
			};
			name = Debug;
		};
		ABB4B7DD2B51AE0900523A4E /* Release */ = {
			isa = XCBuildConfiguration;
			buildSettings = {
				ALWAYS_SEARCH_USER_PATHS = NO;
				ASSETCATALOG_COMPILER_GENERATE_SWIFT_ASSET_SYMBOL_EXTENSIONS = YES;
				CLANG_ANALYZER_NONNULL = YES;
				CLANG_ANALYZER_NUMBER_OBJECT_CONVERSION = YES_AGGRESSIVE;
				CLANG_CXX_LANGUAGE_STANDARD = "gnu++20";
				CLANG_ENABLE_MODULES = YES;
				CLANG_ENABLE_OBJC_ARC = YES;
				CLANG_ENABLE_OBJC_WEAK = YES;
				CLANG_WARN_BLOCK_CAPTURE_AUTORELEASING = YES;
				CLANG_WARN_BOOL_CONVERSION = YES;
				CLANG_WARN_COMMA = YES;
				CLANG_WARN_CONSTANT_CONVERSION = YES;
				CLANG_WARN_DEPRECATED_OBJC_IMPLEMENTATIONS = YES;
				CLANG_WARN_DIRECT_OBJC_ISA_USAGE = YES_ERROR;
				CLANG_WARN_DOCUMENTATION_COMMENTS = YES;
				CLANG_WARN_EMPTY_BODY = YES;
				CLANG_WARN_ENUM_CONVERSION = YES;
				CLANG_WARN_INFINITE_RECURSION = YES;
				CLANG_WARN_INT_CONVERSION = YES;
				CLANG_WARN_NON_LITERAL_NULL_CONVERSION = YES;
				CLANG_WARN_OBJC_IMPLICIT_RETAIN_SELF = YES;
				CLANG_WARN_OBJC_LITERAL_CONVERSION = YES;
				CLANG_WARN_OBJC_ROOT_CLASS = YES_ERROR;
				CLANG_WARN_QUOTED_INCLUDE_IN_FRAMEWORK_HEADER = YES;
				CLANG_WARN_RANGE_LOOP_ANALYSIS = YES;
				CLANG_WARN_STRICT_PROTOTYPES = YES;
				CLANG_WARN_SUSPICIOUS_MOVE = YES;
				CLANG_WARN_UNGUARDED_AVAILABILITY = YES_AGGRESSIVE;
				CLANG_WARN_UNREACHABLE_CODE = YES;
				CLANG_WARN__DUPLICATE_METHOD_MATCH = YES;
				COPY_PHASE_STRIP = NO;
				DEBUG_INFORMATION_FORMAT = "dwarf-with-dsym";
				ENABLE_NS_ASSERTIONS = NO;
				ENABLE_STRICT_OBJC_MSGSEND = YES;
				ENABLE_USER_SCRIPT_SANDBOXING = YES;
				GCC_C_LANGUAGE_STANDARD = gnu17;
				GCC_NO_COMMON_BLOCKS = YES;
				GCC_WARN_64_TO_32_BIT_CONVERSION = YES;
				GCC_WARN_ABOUT_RETURN_TYPE = YES_ERROR;
				GCC_WARN_UNDECLARED_SELECTOR = YES;
				GCC_WARN_UNINITIALIZED_AUTOS = YES_AGGRESSIVE;
				GCC_WARN_UNUSED_FUNCTION = YES;
				GCC_WARN_UNUSED_VARIABLE = YES;
				IPHONEOS_DEPLOYMENT_TARGET = 17.0;
				LOCALIZATION_PREFERS_STRING_CATALOGS = YES;
				MTL_ENABLE_DEBUG_INFO = NO;
				MTL_FAST_MATH = YES;
				SDKROOT = iphoneos;
				SWIFT_COMPILATION_MODE = wholemodule;
				VALIDATE_PRODUCT = YES;
			};
			name = Release;
		};
		ABB4B7DF2B51AE0900523A4E /* Debug */ = {
			isa = XCBuildConfiguration;
			buildSettings = {
				ASSETCATALOG_COMPILER_APPICON_NAME = AppIcon;
				ASSETCATALOG_COMPILER_GLOBAL_ACCENT_COLOR_NAME = AccentColor;
				CODE_SIGN_STYLE = Automatic;
				CURRENT_PROJECT_VERSION = 1;
				DEVELOPMENT_TEAM = 46GYW88C6L;
				GENERATE_INFOPLIST_FILE = YES;
				INFOPLIST_FILE = ImageAnalyzer/Info.plist;
				INFOPLIST_KEY_UIApplicationSupportsIndirectInputEvents = YES;
				INFOPLIST_KEY_UILaunchStoryboardName = LaunchScreen;
				INFOPLIST_KEY_UIMainStoryboardFile = Main;
				INFOPLIST_KEY_UISupportedInterfaceOrientations_iPad = "UIInterfaceOrientationPortrait UIInterfaceOrientationPortraitUpsideDown UIInterfaceOrientationLandscapeLeft UIInterfaceOrientationLandscapeRight";
				INFOPLIST_KEY_UISupportedInterfaceOrientations_iPhone = "UIInterfaceOrientationPortrait UIInterfaceOrientationLandscapeLeft UIInterfaceOrientationLandscapeRight";
				IPHONEOS_DEPLOYMENT_TARGET = 15.0;
				LD_RUNPATH_SEARCH_PATHS = (
					"$(inherited)",
					"@executable_path/Frameworks",
				);
				MARKETING_VERSION = 1.0;
				PRODUCT_BUNDLE_IDENTIFIER = nabilla.test.ImageAnalyzer;
				PRODUCT_NAME = "$(TARGET_NAME)";
				SWIFT_EMIT_LOC_STRINGS = YES;
				SWIFT_VERSION = 5.0;
				TARGETED_DEVICE_FAMILY = "1,2";
			};
			name = Debug;
		};
		ABB4B7E02B51AE0900523A4E /* Release */ = {
			isa = XCBuildConfiguration;
			buildSettings = {
				ASSETCATALOG_COMPILER_APPICON_NAME = AppIcon;
				ASSETCATALOG_COMPILER_GLOBAL_ACCENT_COLOR_NAME = AccentColor;
				CODE_SIGN_STYLE = Automatic;
				CURRENT_PROJECT_VERSION = 1;
				DEVELOPMENT_TEAM = 46GYW88C6L;
				GENERATE_INFOPLIST_FILE = YES;
				INFOPLIST_FILE = ImageAnalyzer/Info.plist;
				INFOPLIST_KEY_UIApplicationSupportsIndirectInputEvents = YES;
				INFOPLIST_KEY_UILaunchStoryboardName = LaunchScreen;
				INFOPLIST_KEY_UIMainStoryboardFile = Main;
				INFOPLIST_KEY_UISupportedInterfaceOrientations_iPad = "UIInterfaceOrientationPortrait UIInterfaceOrientationPortraitUpsideDown UIInterfaceOrientationLandscapeLeft UIInterfaceOrientationLandscapeRight";
				INFOPLIST_KEY_UISupportedInterfaceOrientations_iPhone = "UIInterfaceOrientationPortrait UIInterfaceOrientationLandscapeLeft UIInterfaceOrientationLandscapeRight";
				IPHONEOS_DEPLOYMENT_TARGET = 15.0;
				LD_RUNPATH_SEARCH_PATHS = (
					"$(inherited)",
					"@executable_path/Frameworks",
				);
				MARKETING_VERSION = 1.0;
				PRODUCT_BUNDLE_IDENTIFIER = nabilla.test.ImageAnalyzer;
				PRODUCT_NAME = "$(TARGET_NAME)";
				SWIFT_EMIT_LOC_STRINGS = YES;
				SWIFT_VERSION = 5.0;
				TARGETED_DEVICE_FAMILY = "1,2";
			};
			name = Release;
		};
/* End XCBuildConfiguration section */

/* Begin XCConfigurationList section */
		ABB4B7C52B51AE0700523A4E /* Build configuration list for PBXProject "ImageAnalyzer" */ = {
			isa = XCConfigurationList;
			buildConfigurations = (
				ABB4B7DC2B51AE0900523A4E /* Debug */,
				ABB4B7DD2B51AE0900523A4E /* Release */,
			);
			defaultConfigurationIsVisible = 0;
			defaultConfigurationName = Release;
		};
		ABB4B7DE2B51AE0900523A4E /* Build configuration list for PBXNativeTarget "ImageAnalyzer" */ = {
			isa = XCConfigurationList;
			buildConfigurations = (
				ABB4B7DF2B51AE0900523A4E /* Debug */,
				ABB4B7E02B51AE0900523A4E /* Release */,
			);
			defaultConfigurationIsVisible = 0;
			defaultConfigurationName = Release;
		};
/* End XCConfigurationList section */
	};
	rootObject = ABB4B7C22B51AE0700523A4E /* Project object */;
}
